
Microsoft Visual Studio Solution File, Format Version 12.00
# Visual Studio 15
VisualStudioVersion = 15.0.28010.2041
MinimumVisualStudioVersion = 10.0.40219.1
Project("{9A19103F-16F7-4668-BE54-9A1E7A4F7556}") = "Publisher", "Publisher\Publisher.csproj", "{6B659AEA-9400-45B9-A19D-4EDABC547C3B}"
EndProject
Project("{9A19103F-16F7-4668-BE54-9A1E7A4F7556}") = "Messenger", "MessengerService\Messenger.csproj", "{7F8012EC-33F4-4E89-ACDA-F81BB056BB70}"
EndProject
Project("{9A19103F-16F7-4668-BE54-9A1E7A4F7556}") = "Subscriber", "Subscriber\Subscriber.csproj", "{95041F3B-88B9-4FB9-8743-CAFAF1DFD3DB}"
EndProject
Global
	GlobalSection(SolutionConfigurationPlatforms) = preSolution
		Debug|Any CPU = Debug|Any CPU
		Release|Any CPU = Release|Any CPU
	EndGlobalSection
	GlobalSection(ProjectConfigurationPlatforms) = postSolution
		{6B659AEA-9400-45B9-A19D-4EDABC547C3B}.Debug|Any CPU.ActiveCfg = Debug|Any CPU
		{6B659AEA-9400-45B9-A19D-4EDABC547C3B}.Debug|Any CPU.Build.0 = Debug|Any CPU
		{6B659AEA-9400-45B9-A19D-4EDABC547C3B}.Release|Any CPU.ActiveCfg = Release|Any CPU
		{6B659AEA-9400-45B9-A19D-4EDABC547C3B}.Release|Any CPU.Build.0 = Release|Any CPU
		{7F8012EC-33F4-4E89-ACDA-F81BB056BB70}.Debug|Any CPU.ActiveCfg = Debug|Any CPU
		{7F8012EC-33F4-4E89-ACDA-F81BB056BB70}.Debug|Any CPU.Build.0 = Debug|Any CPU
		{7F8012EC-33F4-4E89-ACDA-F81BB056BB70}.Release|Any CPU.ActiveCfg = Release|Any CPU
		{7F8012EC-33F4-4E89-ACDA-F81BB056BB70}.Release|Any CPU.Build.0 = Release|Any CPU
		{95041F3B-88B9-4FB9-8743-CAFAF1DFD3DB}.Debug|Any CPU.ActiveCfg = Debug|Any CPU
		{95041F3B-88B9-4FB9-8743-CAFAF1DFD3DB}.Debug|Any CPU.Build.0 = Debug|Any CPU
		{95041F3B-88B9-4FB9-8743-CAFAF1DFD3DB}.Release|Any CPU.ActiveCfg = Release|Any CPU
		{95041F3B-88B9-4FB9-8743-CAFAF1DFD3DB}.Release|Any CPU.Build.0 = Release|Any CPU
	EndGlobalSection
	GlobalSection(SolutionProperties) = preSolution
		HideSolutionNode = FALSE
	EndGlobalSection
	GlobalSection(ExtensibilityGlobals) = postSolution
		SolutionGuid = {B2884473-54E1-4E04-B644-F11D36B59057}
	EndGlobalSection
EndGlobal
